
Microsoft Visual Studio Solution File, Format Version 12.00
Project("{FAE04EC0-301F-11D3-BF4B-00C04F79EFBC}") = "COMP003A.EmployeeManagementSystem", "COMP003A.EmployeeManagementSystem\COMP003A.EmployeeManagementSystem.csproj", "{D40AA228-3EE2-4928-BFE8-06305C8DD7B4}"
EndProject
Global
	GlobalSection(SolutionConfigurationPlatforms) = preSolution
		Debug|Any CPU = Debug|Any CPU
		Release|Any CPU = Release|Any CPU
	EndGlobalSection
	GlobalSection(ProjectConfigurationPlatforms) = postSolution
		{D40AA228-3EE2-4928-BFE8-06305C8DD7B4}.Debug|Any CPU.ActiveCfg = Debug|Any CPU
		{D40AA228-3EE2-4928-BFE8-06305C8DD7B4}.Debug|Any CPU.Build.0 = Debug|Any CPU
		{D40AA228-3EE2-4928-BFE8-06305C8DD7B4}.Release|Any CPU.ActiveCfg = Release|Any CPU
		{D40AA228-3EE2-4928-BFE8-06305C8DD7B4}.Release|Any CPU.Build.0 = Release|Any CPU
	EndGlobalSection
EndGlobal
